Microsoft Visual Studio Solution File, Format Version 7.00
Project("{8BC9CEB8-8B4A-11D0-8D11-00A0C91BC942}") = "Paint1", "Paint1.vcproj", "{1EE57AAE-6A37-4DA2-B76C-DC1113374DCC}"
EndProject
Global
	GlobalSection(SolutionConfiguration) = preSolution
		ConfigName.0 = Debug
		ConfigName.1 = Release
	EndGlobalSection
	GlobalSection(ProjectDependencies) = postSolution
	EndGlobalSection
	GlobalSection(ProjectConfiguration) = postSolution
		{1EE57AAE-6A37-4DA2-B76C-DC1113374DCC}.Debug.ActiveCfg = Debug|Win32
		{1EE57AAE-6A37-4DA2-B76C-DC1113374DCC}.Debug.Build.0 = Debug|Win32
		{1EE57AAE-6A37-4DA2-B76C-DC1113374DCC}.Release.ActiveCfg = Release|Win32
		{1EE57AAE-6A37-4DA2-B76C-DC1113374DCC}.Release.Build.0 = Release|Win32
	EndGlobalSection
	GlobalSection(ExtensibilityGlobals) = postSolution
	EndGlobalSection
	GlobalSection(ExtensibilityAddIns) = postSolution
	EndGlobalSection
EndGlobal
